{
  "name": "resting",
  "version": "1.0.0",
  "lockfileVersion": 3,
  "requires": true,
  "packages": {
    "": {
      "name": "resting",
      "version": "1.0.0",
      "license": "MIT",
      "dependencies": {
        "@picocss/pico": "^1.5.6",
        "code-prettify": "^0.1.0"
      }
    },
    "node_modules/@picocss/pico": {
      "version": "1.5.6",
      "resolved": "https://registry.npmjs.org/@picocss/pico/-/pico-1.5.6.tgz",
      "integrity": "sha512-9R+OdtMuHijKa7AQKBrng/1Q/Cd3BnEigYJXmOxI10Eka2qGGDa4b0hua8UeYu01BTtAiO70K7CQuHffU4YXGA=="
    },
    "node_modules/code-prettify": {
      "version": "0.1.0",
      "resolved": "https://registry.npmjs.org/code-prettify/-/code-prettify-0.1.0.tgz",
      "integrity": "sha512-tNOWwXoF3ycqtvLCGPLYds2hKekmZfsPWinbRcLk6BBHBaSf+v+HJOvfg33VfVzYzvQ6zmVq+WO88oKweiJSQg=="
    }
  }
}
